<?xml version="1.0" encoding="utf-8"?>
<Project ToolsVersion="4.0" xmlns="http://schemas.microsoft.com/developer/msbuild/2003">
  <ItemGroup>
    <Filter Include="Shader">
      <UniqueIdentifier>{be655838-75fe-41d2-ae93-f6779723dbf9}</UniqueIdentifier>
    </Filter>
    <Filter Include="Sources">
      <UniqueIdentifier>{4FC737F1-C7A5-4376-A066-2A32D752A2FF}</UniqueIdentifier>
      <Extensions>cpp;c;cc;cxx;c++;cppm;ixx;def;odl;idl;hpj;bat;asm;asmx</Extensions>
    </Filter>
    <Filter Include="Headers">
      <UniqueIdentifier>{93995380-89BD-4b04-88EB-625FBE52EBFB}</UniqueIdentifier>
      <Extensions>h;hh;hpp;hxx;h++;hm;inl;inc;ipp;xsd</Extensions>
    </Filter>
    <Filter Include="Shader\postporcess">
      <UniqueIdentifier>{aeac6d1b-7f33-4af5-91ea-4f0d8571334c}</UniqueIdentifier>
    </Filter>
    <Filter Include="Shader\lit">
      <UniqueIdentifier>{7f748539-92c4-49dd-97fc-4e26946d6968}</UniqueIdentifier>
    </Filter>
    <Filter Include="Shader\unlit">
      <UniqueIdentifier>{7934c5c1-af33-4795-a9f1-e544d01bc9a5}</UniqueIdentifier>
    </Filter>
  </ItemGroup>
  <ItemGroup>
    <ClCompile Include="src\glad.c">
      <Filter>Sources</Filter>
    </ClCompile>
    <ClCompile Include="src\stb_image.cpp">
      <Filter>Sources</Filter>
    </ClCompile>
    <ClCompile Include="includes\myinclude\camera.cpp">
      <Filter>Headers</Filter>
    </ClCompile>
    <ClCompile Include="src\main.cpp">
      <Filter>Sources</Filter>
    </ClCompile>
  </ItemGroup>
  <ItemGroup>
    <None Include="resources\shaders\vertex.vert">
      <Filter>Shader</Filter>
    </None>
    <None Include="resources\shaders\Unlit\unlitOpaque.frag">
      <Filter>Shader\unlit</Filter>
    </None>
    <None Include="resources\shaders\Lit\opaque.frag">
      <Filter>Shader\lit</Filter>
    </None>
    <None Include="resources\shaders\Lit\transparent.frag">
      <Filter>Shader\lit</Filter>
    </None>
    <None Include="resources\shaders\core.vert">
      <Filter>Shader</Filter>
    </None>
    <None Include="resources\shaders\postprocess\blur.frag">
      <Filter>Shader\postporcess</Filter>
    </None>
    <None Include="resources\shaders\postprocess\kernel.frag">
      <Filter>Shader\postporcess</Filter>
    </None>
    <None Include="resources\shaders\skybox.vert">
      <Filter>Shader</Filter>
    </None>
    <None Include="resources\shaders\unlit\skybox.frag">
      <Filter>Shader\unlit</Filter>
    </None>
    <None Include="resources\shaders\unlit\unlitReflect.frag">
      <Filter>Shader\unlit</Filter>
    </None>
  </ItemGroup>
  <ItemGroup>
    <ClInclude Include="includes\myinclude\camera.h">
      <Filter>Headers</Filter>
    </ClInclude>
    <ClInclude Include="includes\myinclude\EBO.h">
      <Filter>Headers</Filter>
    </ClInclude>
    <ClInclude Include="includes\myinclude\mesh.h">
      <Filter>Headers</Filter>
    </ClInclude>
    <ClInclude Include="includes\myinclude\model.h">
      <Filter>Headers</Filter>
    </ClInclude>
    <ClInclude Include="includes\myinclude\shader.h">
      <Filter>Headers</Filter>
    </ClInclude>
    <ClInclude Include="includes\myinclude\texture.h">
      <Filter>Headers</Filter>
    </ClInclude>
    <ClInclude Include="includes\myinclude\VAO.h">
      <Filter>Headers</Filter>
    </ClInclude>
    <ClInclude Include="includes\myinclude\VBO.h">
      <Filter>Headers</Filter>
    </ClInclude>
  </ItemGroup>
</Project>